
Microsoft Visual Studio Solution File, Format Version 12.00
# Visual Studio 15
VisualStudioVersion = 15.0.27130.0
MinimumVisualStudioVersion = 10.0.40219.1
Project("{FAE04EC0-301F-11D3-BF4B-00C04F79EFBC}") = "Students", "Students\Students.csproj", "{96491FF0-4743-4E8A-BB21-618EBDD1C8B6}"
EndProject
Global
	GlobalSection(SolutionConfigurationPlatforms) = preSolution
		Debug|Any CPU = Debug|Any CPU
		Release|Any CPU = Release|Any CPU
	EndGlobalSection
	GlobalSection(ProjectConfigurationPlatforms) = postSolution
		{96491FF0-4743-4E8A-BB21-618EBDD1C8B6}.Debug|Any CPU.ActiveCfg = Debug|Any CPU
		{96491FF0-4743-4E8A-BB21-618EBDD1C8B6}.Debug|Any CPU.Build.0 = Debug|Any CPU
		{96491FF0-4743-4E8A-BB21-618EBDD1C8B6}.Release|Any CPU.ActiveCfg = Release|Any CPU
		{96491FF0-4743-4E8A-BB21-618EBDD1C8B6}.Release|Any CPU.Build.0 = Release|Any CPU
	EndGlobalSection
	GlobalSection(SolutionProperties) = preSolution
		HideSolutionNode = FALSE
	EndGlobalSection
	GlobalSection(ExtensibilityGlobals) = postSolution
		SolutionGuid = {A239FF67-3B6A-48CB-BBA0-F9EC9191A720}
	EndGlobalSection
EndGlobal
